
Microsoft Visual Studio Solution File, Format Version 12.00
# Visual Studio Version 17
VisualStudioVersion = 17.0.32112.339
MinimumVisualStudioVersion = 10.0.40219.1
Project("{FAE04EC0-301F-11D3-BF4B-00C04F79EFBC}") = "COM3D2.LillyUtill", "COM3D2.LillyUtill\COM3D2.LillyUtill.csproj", "{34F9CCE9-C339-487A-A769-32EE87D0EC18}"
EndProject
Project("{2150E333-8FDC-42A3-9474-1A3956D46DE8}") = "Solution Items", "Solution Items", "{26C1291E-3625-4FAC-97CC-5742D4044435}"
	ProjectSection(SolutionItems) = preProject
		ConfigEntryUtill2.cs = ConfigEntryUtill2.cs
		README.md = README.md
	EndProjectSection
EndProject
Project("{FAE04EC0-301F-11D3-BF4B-00C04F79EFBC}") = "COM3D25.LillyUtill", "COM3D25.LillyUtill\COM3D25.LillyUtill.csproj", "{8D54CE0C-2C1B-4009-A389-AC019B04AEF9}"
EndProject
Global
	GlobalSection(SolutionConfigurationPlatforms) = preSolution
		Debug|Any CPU = Debug|Any CPU
		Release|Any CPU = Release|Any CPU
	EndGlobalSection
	GlobalSection(ProjectConfigurationPlatforms) = postSolution
		{34F9CCE9-C339-487A-A769-32EE87D0EC18}.Debug|Any CPU.ActiveCfg = Debug|Any CPU
		{34F9CCE9-C339-487A-A769-32EE87D0EC18}.Debug|Any CPU.Build.0 = Debug|Any CPU
		{34F9CCE9-C339-487A-A769-32EE87D0EC18}.Release|Any CPU.ActiveCfg = Release|Any CPU
		{34F9CCE9-C339-487A-A769-32EE87D0EC18}.Release|Any CPU.Build.0 = Release|Any CPU
		{8D54CE0C-2C1B-4009-A389-AC019B04AEF9}.Debug|Any CPU.ActiveCfg = Debug|Any CPU
		{8D54CE0C-2C1B-4009-A389-AC019B04AEF9}.Debug|Any CPU.Build.0 = Debug|Any CPU
		{8D54CE0C-2C1B-4009-A389-AC019B04AEF9}.Release|Any CPU.ActiveCfg = Release|Any CPU
		{8D54CE0C-2C1B-4009-A389-AC019B04AEF9}.Release|Any CPU.Build.0 = Release|Any CPU
	EndGlobalSection
	GlobalSection(SolutionProperties) = preSolution
		HideSolutionNode = FALSE
	EndGlobalSection
	GlobalSection(ExtensibilityGlobals) = postSolution
		SolutionGuid = {E40BCE1E-C837-4FC0-BA46-F8F06F5022A2}
	EndGlobalSection
EndGlobal
